
Microsoft Visual Studio Solution File, Format Version 12.00
# Visual Studio Version 17
VisualStudioVersion = 17.5.33530.505
MinimumVisualStudioVersion = 10.0.40219.1
Project("{9A19103F-16F7-4668-BE54-9A1E7A4F7556}") = "EventsBasicExercise", "EventsBasicExercise\EventsBasicExercise.csproj", "{AC1168A1-C5B3-41E3-88C5-6D5A55CB6E56}"
EndProject
Global
	GlobalSection(SolutionConfigurationPlatforms) = preSolution
		Debug|Any CPU = Debug|Any CPU
		Release|Any CPU = Release|Any CPU
	EndGlobalSection
	GlobalSection(ProjectConfigurationPlatforms) = postSolution
		{AC1168A1-C5B3-41E3-88C5-6D5A55CB6E56}.Debug|Any CPU.ActiveCfg = Debug|Any CPU
		{AC1168A1-C5B3-41E3-88C5-6D5A55CB6E56}.Debug|Any CPU.Build.0 = Debug|Any CPU
		{AC1168A1-C5B3-41E3-88C5-6D5A55CB6E56}.Release|Any CPU.ActiveCfg = Release|Any CPU
		{AC1168A1-C5B3-41E3-88C5-6D5A55CB6E56}.Release|Any CPU.Build.0 = Release|Any CPU
	EndGlobalSection
	GlobalSection(SolutionProperties) = preSolution
		HideSolutionNode = FALSE
	EndGlobalSection
	GlobalSection(ExtensibilityGlobals) = postSolution
		SolutionGuid = {08957ED0-A7DA-4F38-B186-F1BD35927F2F}
	EndGlobalSection
EndGlobal
